
Microsoft Visual Studio Solution File, Format Version 12.00
# Visual Studio 15
VisualStudioVersion = 15.0.27428.2037
MinimumVisualStudioVersion = 10.0.40219.1
Project("{FAE04EC0-301F-11D3-BF4B-00C04F79EFBC}") = "Kursova", "Kursova\Kursova.csproj", "{D1EA58C0-C38C-49D9-83F7-507EAA0D423B}"
EndProject
Global
	GlobalSection(SolutionConfigurationPlatforms) = preSolution
		Debug|Any CPU = Debug|Any CPU
		Release|Any CPU = Release|Any CPU
	EndGlobalSection
	GlobalSection(ProjectConfigurationPlatforms) = postSolution
		{D1EA58C0-C38C-49D9-83F7-507EAA0D423B}.Debug|Any CPU.ActiveCfg = Debug|Any CPU
		{D1EA58C0-C38C-49D9-83F7-507EAA0D423B}.Debug|Any CPU.Build.0 = Debug|Any CPU
		{D1EA58C0-C38C-49D9-83F7-507EAA0D423B}.Release|Any CPU.ActiveCfg = Release|Any CPU
		{D1EA58C0-C38C-49D9-83F7-507EAA0D423B}.Release|Any CPU.Build.0 = Release|Any CPU
	EndGlobalSection
	GlobalSection(SolutionProperties) = preSolution
		HideSolutionNode = FALSE
	EndGlobalSection
	GlobalSection(ExtensibilityGlobals) = postSolution
		SolutionGuid = {3C402ACB-211E-4350-A89C-19A796806B6E}
	EndGlobalSection
EndGlobal
